github.com/insomniacslk/dhcp v0.0.0-20200420235442-ed3125c2efe7 h1:iaCm+9nZdYb8XCSU2TfIb0qYTcAlIv2XzyKR2d2xZ38=
github.com/insomniacslk/dhcp v0.0.0-20200420235442-ed3125c2efe7/go.mod h1:CfMdguCK66I5DAUJgGKyNz8aB6vO5dZzkm9Xep6WGvw=
github.com/u-root/u-root v1.0.0 h1:3hJy0CG3mXIZtWRE+yrghG/3H0v8L1qEeZBlPr5nS9s=
github.com/u-root/u-root v6.0.0+incompatible h1:YqPGmRoRyYmeg17KIWFRSyVq6LX5T6GSzawyA6wG6EE=
github.com/u-root/u-root v6.0.0+incompatible/go.mod h1:RYkpo8pTHrNjW08opNd/U6p/RJE7K0D8fXO0d47+3YY=
golang.org/x/sys v0.0.0-20200519105757-fe76b779f299 h1:DYfZAGf2WMFjMxbgTjaC+2HC7NkNAQs+6Q8b9WEB/F4=
golang.org/x/sys v0.0.0-20200519105757-fe76b779f299/go.mod h1:h1NjWce9XRLGQEsW7wpKNCjG9DtNlClVuFLEZdDNbEs=
